
Microsoft Visual Studio Solution File, Format Version 12.00
# Visual Studio 2015
Project("{FAE04EC0-301F-11D3-BF4B-00C04F79EFBC}") = "HoloSurgery", "HoloSurgery.csproj", "{550D8987-5319-3250-49A2-C75C57FF0CEE}"
EndProject
Global
	GlobalSection(SolutionConfigurationPlatforms) = preSolution
		Debug|Any CPU = Debug|Any CPU
		Release|Any CPU = Release|Any CPU
	EndGlobalSection
	GlobalSection(ProjectConfigurationPlatforms) = postSolution
		{550D8987-5319-3250-49A2-C75C57FF0CEE}.Debug|Any CPU.ActiveCfg = Debug|Any CPU
		{550D8987-5319-3250-49A2-C75C57FF0CEE}.Debug|Any CPU.Build.0 = Debug|Any CPU
		{550D8987-5319-3250-49A2-C75C57FF0CEE}.Release|Any CPU.ActiveCfg = Release|Any CPU
		{550D8987-5319-3250-49A2-C75C57FF0CEE}.Release|Any CPU.Build.0 = Release|Any CPU
	EndGlobalSection
	GlobalSection(SolutionProperties) = preSolution
		HideSolutionNode = FALSE
	EndGlobalSection
EndGlobal
